
Microsoft Visual Studio Solution File, Format Version 12.00
# Visual Studio Version 17
VisualStudioVersion = 17.0.32014.148
MinimumVisualStudioVersion = 10.0.40219.1
Project("{FAE04EC0-301F-11D3-BF4B-00C04F79EFBC}") = "Dasha", "Dasha\Dasha.csproj", "{761A3124-C9C6-4A38-8502-19AC08A7B869}"
EndProject
Global
	GlobalSection(SolutionConfigurationPlatforms) = preSolution
		Debug|Any CPU = Debug|Any CPU
		Release|Any CPU = Release|Any CPU
	EndGlobalSection
	GlobalSection(ProjectConfigurationPlatforms) = postSolution
		{761A3124-C9C6-4A38-8502-19AC08A7B869}.Debug|Any CPU.ActiveCfg = Debug|Any CPU
		{761A3124-C9C6-4A38-8502-19AC08A7B869}.Debug|Any CPU.Build.0 = Debug|Any CPU
		{761A3124-C9C6-4A38-8502-19AC08A7B869}.Release|Any CPU.ActiveCfg = Release|Any CPU
		{761A3124-C9C6-4A38-8502-19AC08A7B869}.Release|Any CPU.Build.0 = Release|Any CPU
	EndGlobalSection
	GlobalSection(SolutionProperties) = preSolution
		HideSolutionNode = FALSE
	EndGlobalSection
	GlobalSection(ExtensibilityGlobals) = postSolution
		SolutionGuid = {5B47046C-F311-4685-853E-305D0C5FDCE2}
	EndGlobalSection
EndGlobal
